
Microsoft Visual Studio Solution File, Format Version 12.00
# Visual Studio Version 16
VisualStudioVersion = 16.0.29613.14
MinimumVisualStudioVersion = 10.0.40219.1
Project("{FAE04EC0-301F-11D3-BF4B-00C04F79EFBC}") = "CommonUtilsX64", "CommonUtilsX64\CommonUtilsX64.csproj", "{B9F010A8-6A65-4F16-B686-E44375EB3620}"
EndProject
Project("{FAE04EC0-301F-11D3-BF4B-00C04F79EFBC}") = "CommonUtilsTests", "CommonUtilsTests\CommonUtilsTests.csproj", "{3FD720BF-339D-422A-AA3E-E62707EC84CF}"
EndProject
Project("{FAE04EC0-301F-11D3-BF4B-00C04F79EFBC}") = "CommonUtils", "CommonUtils\CommonUtils.csproj", "{025B1E36-79AA-4CB4-AE9C-4E775ADA5F6F}"
EndProject
Global
	GlobalSection(SolutionConfigurationPlatforms) = preSolution
		Debug|Any CPU = Debug|Any CPU
		Release|Any CPU = Release|Any CPU
	EndGlobalSection
	GlobalSection(ProjectConfigurationPlatforms) = postSolution
		{B9F010A8-6A65-4F16-B686-E44375EB3620}.Debug|Any CPU.ActiveCfg = Debug|Any CPU
		{B9F010A8-6A65-4F16-B686-E44375EB3620}.Debug|Any CPU.Build.0 = Debug|Any CPU
		{B9F010A8-6A65-4F16-B686-E44375EB3620}.Release|Any CPU.ActiveCfg = Release|Any CPU
		{B9F010A8-6A65-4F16-B686-E44375EB3620}.Release|Any CPU.Build.0 = Release|Any CPU
		{3FD720BF-339D-422A-AA3E-E62707EC84CF}.Debug|Any CPU.ActiveCfg = Debug|Any CPU
		{3FD720BF-339D-422A-AA3E-E62707EC84CF}.Debug|Any CPU.Build.0 = Debug|Any CPU
		{3FD720BF-339D-422A-AA3E-E62707EC84CF}.Release|Any CPU.ActiveCfg = Release|Any CPU
		{3FD720BF-339D-422A-AA3E-E62707EC84CF}.Release|Any CPU.Build.0 = Release|Any CPU
		{025B1E36-79AA-4CB4-AE9C-4E775ADA5F6F}.Debug|Any CPU.ActiveCfg = Debug|Any CPU
		{025B1E36-79AA-4CB4-AE9C-4E775ADA5F6F}.Debug|Any CPU.Build.0 = Debug|Any CPU
		{025B1E36-79AA-4CB4-AE9C-4E775ADA5F6F}.Release|Any CPU.ActiveCfg = Release|Any CPU
		{025B1E36-79AA-4CB4-AE9C-4E775ADA5F6F}.Release|Any CPU.Build.0 = Release|Any CPU
	EndGlobalSection
	GlobalSection(SolutionProperties) = preSolution
		HideSolutionNode = FALSE
	EndGlobalSection
	GlobalSection(ExtensibilityGlobals) = postSolution
		SolutionGuid = {DFAD4F47-C148-4D26-90AB-8182AC3189A4}
	EndGlobalSection
EndGlobal
